
Microsoft Visual Studio Solution File, Format Version 12.00
# Visual Studio Version 16
VisualStudioVersion = 16.0.29020.237
MinimumVisualStudioVersion = 10.0.40219.1
Project("{FAE04EC0-301F-11D3-BF4B-00C04F79EFBC}") = "AimpLyrics", "AimpLyrics\AimpLyrics.csproj", "{0D69A5AE-7868-49F5-8777-97299AE22A0D}"
EndProject
Global
	GlobalSection(SolutionConfigurationPlatforms) = preSolution
		Debug|Any CPU = Debug|Any CPU
		Debug|x86 = Debug|x86
		Release|Any CPU = Release|Any CPU
		Release|x86 = Release|x86
	EndGlobalSection
	GlobalSection(ProjectConfigurationPlatforms) = postSolution
		{0D69A5AE-7868-49F5-8777-97299AE22A0D}.Debug|Any CPU.ActiveCfg = Debug|Any CPU
		{0D69A5AE-7868-49F5-8777-97299AE22A0D}.Debug|Any CPU.Build.0 = Debug|Any CPU
		{0D69A5AE-7868-49F5-8777-97299AE22A0D}.Debug|x86.ActiveCfg = Debug|Any CPU
		{0D69A5AE-7868-49F5-8777-97299AE22A0D}.Debug|x86.Build.0 = Debug|Any CPU
		{0D69A5AE-7868-49F5-8777-97299AE22A0D}.Release|Any CPU.ActiveCfg = Release|Any CPU
		{0D69A5AE-7868-49F5-8777-97299AE22A0D}.Release|Any CPU.Build.0 = Release|Any CPU
		{0D69A5AE-7868-49F5-8777-97299AE22A0D}.Release|x86.ActiveCfg = Release|x86
		{0D69A5AE-7868-49F5-8777-97299AE22A0D}.Release|x86.Build.0 = Release|x86
	EndGlobalSection
	GlobalSection(SolutionProperties) = preSolution
		HideSolutionNode = FALSE
	EndGlobalSection
	GlobalSection(ExtensibilityGlobals) = postSolution
		SolutionGuid = {FB9A9264-A60C-4991-9161-B437A2311004}
	EndGlobalSection
EndGlobal
